
Microsoft Visual Studio Solution File, Format Version 12.00
# Visual Studio Version 17
VisualStudioVersion = 17.11.35327.3
MinimumVisualStudioVersion = 10.0.40219.1
Project("{FAE04EC0-301F-11D3-BF4B-00C04F79EFBC}") = "CloudflareDomainIpUpdater", "CloudflareDomainIpUpdater\CloudflareDomainIpUpdater.csproj", "{D29A1B22-C6A6-4287-8C71-BCAC8D37B216}"
EndProject
Global
	GlobalSection(SolutionConfigurationPlatforms) = preSolution
		Debug|Any CPU = Debug|Any CPU
		Release|Any CPU = Release|Any CPU
	EndGlobalSection
	GlobalSection(ProjectConfigurationPlatforms) = postSolution
		{D29A1B22-C6A6-4287-8C71-BCAC8D37B216}.Debug|Any CPU.ActiveCfg = Debug|Any CPU
		{D29A1B22-C6A6-4287-8C71-BCAC8D37B216}.Debug|Any CPU.Build.0 = Debug|Any CPU
		{D29A1B22-C6A6-4287-8C71-BCAC8D37B216}.Release|Any CPU.ActiveCfg = Release|Any CPU
		{D29A1B22-C6A6-4287-8C71-BCAC8D37B216}.Release|Any CPU.Build.0 = Release|Any CPU
	EndGlobalSection
	GlobalSection(SolutionProperties) = preSolution
		HideSolutionNode = FALSE
	EndGlobalSection
	GlobalSection(ExtensibilityGlobals) = postSolution
		SolutionGuid = {72D23C5F-4A15-4437-822D-372BDE46147B}
	EndGlobalSection
EndGlobal
